// !$*UTF8*$!
{
	archiveVersion = 1;
	classes = {
	};
	objectVersion = 50;
	objects = {

/* Begin PBXBuildFile section */
		3C93A2C420A7000000515DEC /* AppDelegate.swift in Sources */ = {isa = PBXBuildFile; fileRef = 3C93A2C320A7000000515DEC /* AppDelegate.swift */; };
		3C93A2C620A7000000515DEC /* ViewController.swift in Sources */ = {isa = PBXBuildFile; fileRef = 3C93A2C520A7000000515DEC /* ViewController.swift */; };
		3C93A2C920A7000000515DEC /* Main.storyboard in Resources */ = {isa = PBXBuildFile; fileRef = 3C93A2C720A7000000515DEC /* Main.storyboard */; };
		3C93A2CB20A7000200515DEC /* Assets.xcassets in Resources */ = {isa = PBXBuildFile; fileRef = 3C93A2CA20A7000200515DEC /* Assets.xcassets */; };
		3C93A2CE20A7000200515DEC /* LaunchScreen.storyboard in Resources */ = {isa = PBXBuildFile; fileRef = 3C93A2CC20A7000200515DEC /* LaunchScreen.storyboard */; };
		3C93A2D920A7000200515DEC /* Basic_MathTests.swift in Sources */ = {isa = PBXBuildFile; fileRef = 3C93A2D820A7000200515DEC /* Basic_MathTests.swift */; };
		3C93A2E420A7000200515DEC /* Basic_MathUITests.swift in Sources */ = {isa = PBXBuildFile; fileRef = 3C93A2E320A7000200515DEC /* Basic_MathUITests.swift */; };
/* End PBXBuildFile section */

/* Begin PBXContainerItemProxy section */
		3C93A2D520A7000200515DEC /* PBXContainerItemProxy */ = {
			isa = PBXContainerItemProxy;
			containerPortal = 3C93A2B820A7000000515DEC /* Project object */;
			proxyType = 1;
			remoteGlobalIDString = 3C93A2BF20A7000000515DEC;
			remoteInfo = "Basic Math";
		};
		3C93A2E020A7000200515DEC /* PBXContainerItemProxy */ = {
			isa = PBXContainerItemProxy;
			containerPortal = 3C93A2B820A7000000515DEC /* Project object */;
			proxyType = 1;
			remoteGlobalIDString = 3C93A2BF20A7000000515DEC;
			remoteInfo = "Basic Math";
		};
/* End PBXContainerItemProxy section */

/* Begin PBXFileReference section */
		3C93A2C020A7000000515DEC /* Basic Math.app */ = {isa = PBXFileReference; explicitFileType = wrapper.application; includeInIndex = 0; path = "Basic Math.app"; sourceTree = BUILT_PRODUCTS_DIR; };
		3C93A2C320A7000000515DEC /* AppDelegate.swift */ = {isa = PBXFileReference; lastKnownFileType = sourcecode.swift; path = AppDelegate.swift; sourceTree = "<group>"; };
		3C93A2C520A7000000515DEC /* ViewController.swift */ = {isa = PBXFileReference; lastKnownFileType = sourcecode.swift; path = ViewController.swift; sourceTree = "<group>"; };
		3C93A2C820A7000000515DEC /* Base */ = {isa = PBXFileReference; lastKnownFileType = file.storyboard; name = Base; path = Base.lproj/Main.storyboard; sourceTree = "<group>"; };
		3C93A2CA20A7000200515DEC /* Assets.xcassets */ = {isa = PBXFileReference; lastKnownFileType = folder.assetcatalog; path = Assets.xcassets; sourceTree = "<group>"; };
		3C93A2CD20A7000200515DEC /* Base */ = {isa = PBXFileReference; lastKnownFileType = file.storyboard; name = Base; path = Base.lproj/LaunchScreen.storyboard; sourceTree = "<group>"; };
		3C93A2CF20A7000200515DEC /* Info.plist */ = {isa = PBXFileReference; lastKnownFileType = text.plist.xml; path = Info.plist; sourceTree = "<group>"; };
		3C93A2D420A7000200515DEC /* Basic MathTests.xctest */ = {isa = PBXFileReference; explicitFileType = wrapper.cfbundle; includeInIndex = 0; path = "Basic MathTests.xctest"; sourceTree = BUILT_PRODUCTS_DIR; };
		3C93A2D820A7000200515DEC /* Basic_MathTests.swift */ = {isa = PBXFileReference; lastKnownFileType = sourcecode.swift; path = Basic_MathTests.swift; sourceTree = "<group>"; };
		3C93A2DA20A7000200515DEC /* Info.plist */ = {isa = PBXFileReference; lastKnownFileType = text.plist.xml; path = Info.plist; sourceTree = "<group>"; };
		3C93A2DF20A7000200515DEC /* Basic MathUITests.xctest */ = {isa = PBXFileReference; explicitFileType = wrapper.cfbundle; includeInIndex = 0; path = "Basic MathUITests.xctest"; sourceTree = BUILT_PRODUCTS_DIR; };
		3C93A2E320A7000200515DEC /* Basic_MathUITests.swift */ = {isa = PBXFileReference; lastKnownFileType = sourcecode.swift; path = Basic_MathUITests.swift; sourceTree = "<group>"; };
		3C93A2E520A7000200515DEC /* Info.plist */ = {isa = PBXFileReference; lastKnownFileType = text.plist.xml; path = Info.plist; sourceTree = "<group>"; };
/* End PBXFileReference section */

/* Begin PBXFrameworksBuildPhase section */
		3C93A2BD20A7000000515DEC /* Frameworks */ = {
			isa = PBXFrameworksBuildPhase;
			buildActionMask = 2147483647;
			files = (
			);
			runOnlyForDeploymentPostprocessing = 0;
		};
		3C93A2D120A7000200515DEC /* Frameworks */ = {
			isa = PBXFrameworksBuildPhase;
			buildActionMask = 2147483647;
			files = (
			);
			runOnlyForDeploymentPostprocessing = 0;
		};
		3C93A2DC20A7000200515DEC /* Frameworks */ = {
			isa = PBXFrameworksBuildPhase;
			buildActionMask = 2147483647;
			files = (
			);
			runOnlyForDeploymentPostprocessing = 0;
		};
/* End PBXFrameworksBuildPhase section */

/* Begin PBXGroup section */
		3C93A2B720A7000000515DEC = {
			isa = PBXGroup;
			children = (
				3C93A2C220A7000000515DEC /* Basic Math */,
				3C93A2D720A7000200515DEC /* Basic MathTests */,
				3C93A2E220A7000200515DEC /* Basic MathUITests */,
				3C93A2C120A7000000515DEC /* Products */,
			);
			sourceTree = "<group>";
		};
		3C93A2C120A7000000515DEC /* Products */ = {
			isa = PBXGroup;
			children = (
				3C93A2C020A7000000515DEC /* Basic Math.app */,
				3C93A2D420A7000200515DEC /* Basic MathTests.xctest */,
				3C93A2DF20A7000200515DEC /* Basic MathUITests.xctest */,
			);
			name = Products;
			sourceTree = "<group>";
		};
		3C93A2C220A7000000515DEC /* Basic Math */ = {
			isa = PBXGroup;
			children = (
				3C93A2C320A7000000515DEC /* AppDelegate.swift */,
				3C93A2C520A7000000515DEC /* ViewController.swift */,
				3C93A2C720A7000000515DEC /* Main.storyboard */,
				3C93A2CA20A7000200515DEC /* Assets.xcassets */,
				3C93A2CC20A7000200515DEC /* LaunchScreen.storyboard */,
				3C93A2CF20A7000200515DEC /* Info.plist */,
			);
			path = "Basic Math";
			sourceTree = "<group>";
		};
		3C93A2D720A7000200515DEC /* Basic MathTests */ = {
			isa = PBXGroup;
			children = (
				3C93A2D820A7000200515DEC /* Basic_MathTests.swift */,
				3C93A2DA20A7000200515DEC /* Info.plist */,
			);
			path = "Basic MathTests";
			sourceTree = "<group>";
		};
		3C93A2E220A7000200515DEC /* Basic MathUITests */ = {
			isa = PBXGroup;
			children = (
				3C93A2E320A7000200515DEC /* Basic_MathUITests.swift */,
				3C93A2E520A7000200515DEC /* Info.plist */,
			);
			path = "Basic MathUITests";
			sourceTree = "<group>";
		};
/* End PBXGroup section */

/* Begin PBXNativeTarget section */
		3C93A2BF20A7000000515DEC /* Basic Math */ = {
			isa = PBXNativeTarget;
			buildConfigurationList = 3C93A2E820A7000200515DEC /* Build configuration list for PBXNativeTarget "Basic Math" */;
			buildPhases = (
				3C93A2BC20A7000000515DEC /* Sources */,
				3C93A2BD20A7000000515DEC /* Frameworks */,
				3C93A2BE20A7000000515DEC /* Resources */,
			);
			buildRules = (
			);
			dependencies = (
			);
			name = "Basic Math";
			productName = "Basic Math";
			productReference = 3C93A2C020A7000000515DEC /* Basic Math.app */;
			productType = "com.apple.product-type.application";
		};
		3C93A2D320A7000200515DEC /* Basic MathTests */ = {
			isa = PBXNativeTarget;
			buildConfigurationList = 3C93A2EB20A7000200515DEC /* Build configuration list for PBXNativeTarget "Basic MathTests" */;
			buildPhases = (
				3C93A2D020A7000200515DEC /* Sources */,
				3C93A2D120A7000200515DEC /* Frameworks */,
				3C93A2D220A7000200515DEC /* Resources */,
			);
			buildRules = (
			);
			dependencies = (
				3C93A2D620A7000200515DEC /* PBXTargetDependency */,
			);
			name = "Basic MathTests";
			productName = "Basic MathTests";
			productReference = 3C93A2D420A7000200515DEC /* Basic MathTests.xctest */;
			productType = "com.apple.product-type.bundle.unit-test";
		};
		3C93A2DE20A7000200515DEC /* Basic MathUITests */ = {
			isa = PBXNativeTarget;
			buildConfigurationList = 3C93A2EE20A7000200515DEC /* Build configuration list for PBXNativeTarget "Basic MathUITests" */;
			buildPhases = (
				3C93A2DB20A7000200515DEC /* Sources */,
				3C93A2DC20A7000200515DEC /* Frameworks */,
				3C93A2DD20A7000200515DEC /* Resources */,
			);
			buildRules = (
			);
			dependencies = (
				3C93A2E120A7000200515DEC /* PBXTargetDependency */,
			);
			name = "Basic MathUITests";
			productName = "Basic MathUITests";
			productReference = 3C93A2DF20A7000200515DEC /* Basic MathUITests.xctest */;
			productType = "com.apple.product-type.bundle.ui-testing";
		};
/* End PBXNativeTarget section */

/* Begin PBXProject section */
		3C93A2B820A7000000515DEC /* Project object */ = {
			isa = PBXProject;
			attributes = {
				LastSwiftUpdateCheck = 0930;
				LastUpgradeCheck = 0930;
				ORGANIZATIONNAME = ekatheryni;
				TargetAttributes = {
					3C93A2BF20A7000000515DEC = {
						CreatedOnToolsVersion = 9.3;
					};
					3C93A2D320A7000200515DEC = {
						CreatedOnToolsVersion = 9.3;
						TestTargetID = 3C93A2BF20A7000000515DEC;
					};
					3C93A2DE20A7000200515DEC = {
						CreatedOnToolsVersion = 9.3;
						TestTargetID = 3C93A2BF20A7000000515DEC;
					};
				};
			};
			buildConfigurationList = 3C93A2BB20A7000000515DEC /* Build configuration list for PBXProject "Basic Math" */;
			compatibilityVersion = "Xcode 9.3";
			developmentRegion = en;
			hasScannedForEncodings = 0;
			knownRegions = (
				en,
				Base,
			);
			mainGroup = 3C93A2B720A7000000515DEC;
			productRefGroup = 3C93A2C120A7000000515DEC /* Products */;
			projectDirPath = "";
			projectRoot = "";
			targets = (
				3C93A2BF20A7000000515DEC /* Basic Math */,
				3C93A2D320A7000200515DEC /* Basic MathTests */,
				3C93A2DE20A7000200515DEC /* Basic MathUITests */,
			);
		};
/* End PBXProject section */

/* Begin PBXResourcesBuildPhase section */
		3C93A2BE20A7000000515DEC /* Resources */ = {
			isa = PBXResourcesBuildPhase;
			buildActionMask = 2147483647;
			files = (
				3C93A2CE20A7000200515DEC /* LaunchScreen.storyboard in Resources */,
				3C93A2CB20A7000200515DEC /* Assets.xcassets in Resources */,
				3C93A2C920A7000000515DEC /* Main.storyboard in Resources */,
			);
			runOnlyForDeploymentPostprocessing = 0;
		};
		3C93A2D220A7000200515DEC /* Resources */ = {
			isa = PBXResourcesBuildPhase;
			buildActionMask = 2147483647;
			files = (
			);
			runOnlyForDeploymentPostprocessing = 0;
		};
		3C93A2DD20A7000200515DEC /* Resources */ = {
			isa = PBXResourcesBuildPhase;
			buildActionMask = 2147483647;
			files = (
			);
			runOnlyForDeploymentPostprocessing = 0;
		};
/* End PBXResourcesBuildPhase section */

/* Begin PBXSourcesBuildPhase section */
		3C93A2BC20A7000000515DEC /* Sources */ = {
			isa = PBXSourcesBuildPhase;
			buildActionMask = 2147483647;
			files = (
				3C93A2C620A7000000515DEC /* ViewController.swift in Sources */,
				3C93A2C420A7000000515DEC /* AppDelegate.swift in Sources */,
			);
			runOnlyForDeploymentPostprocessing = 0;
		};
		3C93A2D020A7000200515DEC /* Sources */ = {
			isa = PBXSourcesBuildPhase;
			buildActionMask = 2147483647;
			files = (
				3C93A2D920A7000200515DEC /* Basic_MathTests.swift in Sources */,
			);
			runOnlyForDeploymentPostprocessing = 0;
		};
		3C93A2DB20A7000200515DEC /* Sources */ = {
			isa = PBXSourcesBuildPhase;
			buildActionMask = 2147483647;
			files = (
				3C93A2E420A7000200515DEC /* Basic_MathUITests.swift in Sources */,
			);
			runOnlyForDeploymentPostprocessing = 0;
		};
/* End PBXSourcesBuildPhase section */

/* Begin PBXTargetDependency section */
		3C93A2D620A7000200515DEC /* PBXTargetDependency */ = {
			isa = PBXTargetDependency;
			target = 3C93A2BF20A7000000515DEC /* Basic Math */;
			targetProxy = 3C93A2D520A7000200515DEC /* PBXContainerItemProxy */;
		};
		3C93A2E120A7000200515DEC /* PBXTargetDependency */ = {
			isa = PBXTargetDependency;
			target = 3C93A2BF20A7000000515DEC /* Basic Math */;
			targetProxy = 3C93A2E020A7000200515DEC /* PBXContainerItemProxy */;
		};
/* End PBXTargetDependency section */

/* Begin PBXVariantGroup section */
		3C93A2C720A7000000515DEC /* Main.storyboard */ = {
			isa = PBXVariantGroup;
			children = (
				3C93A2C820A7000000515DEC /* Base */,
			);
			name = Main.storyboard;
			sourceTree = "<group>";
		};
		3C93A2CC20A7000200515DEC /* LaunchScreen.storyboard */ = {
			isa = PBXVariantGroup;
			children = (
				3C93A2CD20A7000200515DEC /* Base */,
			);
			name = LaunchScreen.storyboard;
			sourceTree = "<group>";
		};
/* End PBXVariantGroup section */

/* Begin XCBuildConfiguration section */
		3C93A2E620A7000200515DEC /* Debug */ = {
			isa = XCBuildConfiguration;
			buildSettings = {
				ALWAYS_SEARCH_USER_PATHS = NO;
				CLANG_ANALYZER_NONNULL = YES;
				CLANG_ANALYZER_NUMBER_OBJECT_CONVERSION = YES_AGGRESSIVE;
				CLANG_CXX_LANGUAGE_STANDARD = "gnu++14";
				CLANG_CXX_LIBRARY = "libc++";
				CLANG_ENABLE_MODULES = YES;
				CLANG_ENABLE_OBJC_ARC = YES;
				CLANG_ENABLE_OBJC_WEAK = YES;
				CLANG_WARN_BLOCK_CAPTURE_AUTORELEASING = YES;
				CLANG_WARN_BOOL_CONVERSION = YES;
				CLANG_WARN_COMMA = YES;
				CLANG_WARN_CONSTANT_CONVERSION = YES;
				CLANG_WARN_DEPRECATED_OBJC_IMPLEMENTATIONS = YES;
				CLANG_WARN_DIRECT_OBJC_ISA_USAGE = YES_ERROR;
				CLANG_WARN_DOCUMENTATION_COMMENTS = YES;
				CLANG_WARN_EMPTY_BODY = YES;
				CLANG_WARN_ENUM_CONVERSION = YES;
				CLANG_WARN_INFINITE_RECURSION = YES;
				CLANG_WARN_INT_CONVERSION = YES;
				CLANG_WARN_NON_LITERAL_NULL_CONVERSION = YES;
				CLANG_WARN_OBJC_IMPLICIT_RETAIN_SELF = YES;
				CLANG_WARN_OBJC_LITERAL_CONVERSION = YES;
				CLANG_WARN_OBJC_ROOT_CLASS = YES_ERROR;
				CLANG_WARN_RANGE_LOOP_ANALYSIS = YES;
				CLANG_WARN_STRICT_PROTOTYPES = YES;
				CLANG_WARN_SUSPICIOUS_MOVE = YES;
				CLANG_WARN_UNGUARDED_AVAILABILITY = YES_AGGRESSIVE;
				CLANG_WARN_UNREACHABLE_CODE = YES;
				CLANG_WARN__DUPLICATE_METHOD_MATCH = YES;
				CODE_SIGN_IDENTITY = "iPhone Developer";
				COPY_PHASE_STRIP = NO;
				DEBUG_INFORMATION_FORMAT = dwarf;
				ENABLE_STRICT_OBJC_MSGSEND = YES;
				ENABLE_TESTABILITY = YES;
				GCC_C_LANGUAGE_STANDARD = gnu11;
				GCC_DYNAMIC_NO_PIC = NO;
				GCC_NO_COMMON_BLOCKS = YES;
				GCC_OPTIMIZATION_LEVEL = 0;
				GCC_PREPROCESSOR_DEFINITIONS = (
					"DEBUG=1",
					"$(inherited)",
				);
				GCC_WARN_64_TO_32_BIT_CONVERSION = YES;
				GCC_WARN_ABOUT_RETURN_TYPE = YES_ERROR;
				GCC_WARN_UNDECLARED_SELECTOR = YES;
				GCC_WARN_UNINITIALIZED_AUTOS = YES_AGGRESSIVE;
				GCC_WARN_UNUSED_FUNCTION = YES;
				GCC_WARN_UNUSED_VARIABLE = YES;
				IPHONEOS_DEPLOYMENT_TARGET = 11.3;
				MTL_ENABLE_DEBUG_INFO = YES;
				ONLY_ACTIVE_ARCH = YES;
				SDKROOT = iphoneos;
				SWIFT_ACTIVE_COMPILATION_CONDITIONS = DEBUG;
				SWIFT_OPTIMIZATION_LEVEL = "-Onone";
			};
			name = Debug;
		};
		3C93A2E720A7000200515DEC /* Release */ = {
			isa = XCBuildConfiguration;
			buildSettings = {
				ALWAYS_SEARCH_USER_PATHS = NO;
				CLANG_ANALYZER_NONNULL = YES;
				CLANG_ANALYZER_NUMBER_OBJECT_CONVERSION = YES_AGGRESSIVE;
				CLANG_CXX_LANGUAGE_STANDARD = "gnu++14";
				CLANG_CXX_LIBRARY = "libc++";
				CLANG_ENABLE_MODULES = YES;
				CLANG_ENABLE_OBJC_ARC = YES;
				CLANG_ENABLE_OBJC_WEAK = YES;
				CLANG_WARN_BLOCK_CAPTURE_AUTORELEASING = YES;
				CLANG_WARN_BOOL_CONVERSION = YES;
				CLANG_WARN_COMMA = YES;
				CLANG_WARN_CONSTANT_CONVERSION = YES;
				CLANG_WARN_DEPRECATED_OBJC_IMPLEMENTATIONS = YES;
				CLANG_WARN_DIRECT_OBJC_ISA_USAGE = YES_ERROR;
				CLANG_WARN_DOCUMENTATION_COMMENTS = YES;
				CLANG_WARN_EMPTY_BODY = YES;
				CLANG_WARN_ENUM_CONVERSION = YES;
				CLANG_WARN_INFINITE_RECURSION = YES;
				CLANG_WARN_INT_CONVERSION = YES;
				CLANG_WARN_NON_LITERAL_NULL_CONVERSION = YES;
				CLANG_WARN_OBJC_IMPLICIT_RETAIN_SELF = YES;
				CLANG_WARN_OBJC_LITERAL_CONVERSION = YES;
				CLANG_WARN_OBJC_ROOT_CLASS = YES_ERROR;
				CLANG_WARN_RANGE_LOOP_ANALYSIS = YES;
				CLANG_WARN_STRICT_PROTOTYPES = YES;
				CLANG_WARN_SUSPICIOUS_MOVE = YES;
				CLANG_WARN_UNGUARDED_AVAILABILITY = YES_AGGRESSIVE;
				CLANG_WARN_UNREACHABLE_CODE = YES;
				CLANG_WARN__DUPLICATE_METHOD_MATCH = YES;
				CODE_SIGN_IDENTITY = "iPhone Developer";
				COPY_PHASE_STRIP = NO;
				DEBUG_INFORMATION_FORMAT = "dwarf-with-dsym";
				ENABLE_NS_ASSERTIONS = NO;
				ENABLE_STRICT_OBJC_MSGSEND = YES;
				GCC_C_LANGUAGE_STANDARD = gnu11;
				GCC_NO_COMMON_BLOCKS = YES;
				GCC_WARN_64_TO_32_BIT_CONVERSION = YES;
				GCC_WARN_ABOUT_RETURN_TYPE = YES_ERROR;
				GCC_WARN_UNDECLARED_SELECTOR = YES;
				GCC_WARN_UNINITIALIZED_AUTOS = YES_AGGRESSIVE;
				GCC_WARN_UNUSED_FUNCTION = YES;
				GCC_WARN_UNUSED_VARIABLE = YES;
				IPHONEOS_DEPLOYMENT_TARGET = 11.3;
				MTL_ENABLE_DEBUG_INFO = NO;
				SDKROOT = iphoneos;
				SWIFT_COMPILATION_MODE = wholemodule;
				SWIFT_OPTIMIZATION_LEVEL = "-O";
				VALIDATE_PRODUCT = YES;
			};
			name = Release;
		};
		3C93A2E920A7000200515DEC /* Debug */ = {
			isa = XCBuildConfiguration;
			buildSettings = {
				ASSETCATALOG_COMPILER_APPICON_NAME = AppIcon;
				CODE_SIGN_STYLE = Automatic;
				DEVELOPMENT_TEAM = 42SF2V2NCP;
				INFOPLIST_FILE = "Basic Math/Info.plist";
				LD_RUNPATH_SEARCH_PATHS = (
					"$(inherited)",
					"@executable_path/Frameworks",
				);
				PRODUCT_BUNDLE_IDENTIFIER = "com.example.Basic-Math";
				PRODUCT_NAME = "$(TARGET_NAME)";
				SWIFT_VERSION = 4.0;
				TARGETED_DEVICE_FAMILY = "1,2";
			};
			name = Debug;
		};
		3C93A2EA20A7000200515DEC /* Release */ = {
			isa = XCBuildConfiguration;
			buildSettings = {
				ASSETCATALOG_COMPILER_APPICON_NAME = AppIcon;
				CODE_SIGN_STYLE = Automatic;
				DEVELOPMENT_TEAM = 42SF2V2NCP;
				INFOPLIST_FILE = "Basic Math/Info.plist";
				LD_RUNPATH_SEARCH_PATHS = (
					"$(inherited)",
					"@executable_path/Frameworks",
				);
				PRODUCT_BUNDLE_IDENTIFIER = "com.example.Basic-Math";
				PRODUCT_NAME = "$(TARGET_NAME)";
				SWIFT_VERSION = 4.0;
				TARGETED_DEVICE_FAMILY = "1,2";
			};
			name = Release;
		};
		3C93A2EC20A7000200515DEC /* Debug */ = {
			isa = XCBuildConfiguration;
			buildSettings = {
				ALWAYS_EMBED_SWIFT_STANDARD_LIBRARIES = YES;
				BUNDLE_LOADER = "$(TEST_HOST)";
				CODE_SIGN_STYLE = Automatic;
				DEVELOPMENT_TEAM = 42SF2V2NCP;
				INFOPLIST_FILE = "Basic MathTests/Info.plist";
				LD_RUNPATH_SEARCH_PATHS = (
					"$(inherited)",
					"@executable_path/Frameworks",
					"@loader_path/Frameworks",
				);
				PRODUCT_BUNDLE_IDENTIFIER = "com.example.Basic-MathTests";
				PRODUCT_NAME = "$(TARGET_NAME)";
				SWIFT_VERSION = 4.0;
				TARGETED_DEVICE_FAMILY = "1,2";
				TEST_HOST = "$(BUILT_PRODUCTS_DIR)/Basic Math.app/Basic Math";
			};
			name = Debug;
		};
		3C93A2ED20A7000200515DEC /* Release */ = {
			isa = XCBuildConfiguration;
			buildSettings = {
				ALWAYS_EMBED_SWIFT_STANDARD_LIBRARIES = YES;
				BUNDLE_LOADER = "$(TEST_HOST)";
				CODE_SIGN_STYLE = Automatic;
				DEVELOPMENT_TEAM = 42SF2V2NCP;
				INFOPLIST_FILE = "Basic MathTests/Info.plist";
				LD_RUNPATH_SEARCH_PATHS = (
					"$(inherited)",
					"@executable_path/Frameworks",
					"@loader_path/Frameworks",
				);
				PRODUCT_BUNDLE_IDENTIFIER = "com.example.Basic-MathTests";
				PRODUCT_NAME = "$(TARGET_NAME)";
				SWIFT_VERSION = 4.0;
				TARGETED_DEVICE_FAMILY = "1,2";
				TEST_HOST = "$(BUILT_PRODUCTS_DIR)/Basic Math.app/Basic Math";
			};
			name = Release;
		};
		3C93A2EF20A7000200515DEC /* Debug */ = {
			isa = XCBuildConfiguration;
			buildSettings = {
				ALWAYS_EMBED_SWIFT_STANDARD_LIBRARIES = YES;
				CODE_SIGN_STYLE = Automatic;
				DEVELOPMENT_TEAM = 42SF2V2NCP;
				INFOPLIST_FILE = "Basic MathUITests/Info.plist";
				LD_RUNPATH_SEARCH_PATHS = (
					"$(inherited)",
					"@executable_path/Frameworks",
					"@loader_path/Frameworks",
				);
				PRODUCT_BUNDLE_IDENTIFIER = "com.example.Basic-MathUITests";
				PRODUCT_NAME = "$(TARGET_NAME)";
				SWIFT_VERSION = 4.0;
				TARGETED_DEVICE_FAMILY = "1,2";
				TEST_TARGET_NAME = "Basic Math";
			};
			name = Debug;
		};
		3C93A2F020A7000200515DEC /* Release */ = {
			isa = XCBuildConfiguration;
			buildSettings = {
				ALWAYS_EMBED_SWIFT_STANDARD_LIBRARIES = YES;
				CODE_SIGN_STYLE = Automatic;
				DEVELOPMENT_TEAM = 42SF2V2NCP;
				INFOPLIST_FILE = "Basic MathUITests/Info.plist";
				LD_RUNPATH_SEARCH_PATHS = (
					"$(inherited)",
					"@executable_path/Frameworks",
					"@loader_path/Frameworks",
				);
				PRODUCT_BUNDLE_IDENTIFIER = "com.example.Basic-MathUITests";
				PRODUCT_NAME = "$(TARGET_NAME)";
				SWIFT_VERSION = 4.0;
				TARGETED_DEVICE_FAMILY = "1,2";
				TEST_TARGET_NAME = "Basic Math";
			};
			name = Release;
		};
/* End XCBuildConfiguration section */

/* Begin XCConfigurationList section */
		3C93A2BB20A7000000515DEC /* Build configuration list for PBXProject "Basic Math" */ = {
			isa = XCConfigurationList;
			buildConfigurations = (
				3C93A2E620A7000200515DEC /* Debug */,
				3C93A2E720A7000200515DEC /* Release */,
			);
			defaultConfigurationIsVisible = 0;
			defaultConfigurationName = Release;
		};
		3C93A2E820A7000200515DEC /* Build configuration list for PBXNativeTarget "Basic Math" */ = {
			isa = XCConfigurationList;
			buildConfigurations = (
				3C93A2E920A7000200515DEC /* Debug */,
				3C93A2EA20A7000200515DEC /* Release */,
			);
			defaultConfigurationIsVisible = 0;
			defaultConfigurationName = Release;
		};
		3C93A2EB20A7000200515DEC /* Build configuration list for PBXNativeTarget "Basic MathTests" */ = {
			isa = XCConfigurationList;
			buildConfigurations = (
				3C93A2EC20A7000200515DEC /* Debug */,
				3C93A2ED20A7000200515DEC /* Release */,
			);
			defaultConfigurationIsVisible = 0;
			defaultConfigurationName = Release;
		};
		3C93A2EE20A7000200515DEC /* Build configuration list for PBXNativeTarget "Basic MathUITests" */ = {
			isa = XCConfigurationList;
			buildConfigurations = (
				3C93A2EF20A7000200515DEC /* Debug */,
				3C93A2F020A7000200515DEC /* Release */,
			);
			defaultConfigurationIsVisible = 0;
			defaultConfigurationName = Release;
		};
/* End XCConfigurationList section */
	};
	rootObject = 3C93A2B820A7000000515DEC /* Project object */;
}
